// !$*UTF8*$!
{
	archiveVersion = 1;
	classes = {
	};
	objectVersion = 46;
	objects = {

/* Begin PBXBuildFile section */
		6C3EAFE21AA68F1D006DE0A7 /* AppDelegate.m in Sources */ = {isa = PBXBuildFile; fileRef = 6C3EAFE11AA68F1D006DE0A7 /* AppDelegate.m */; };
		6C3EAFE41AA68F1D006DE0A7 /* main.m in Sources */ = {isa = PBXBuildFile; fileRef = 6C3EAFE31AA68F1D006DE0A7 /* main.m */; };
		6C3EAFE61AA68F1D006DE0A7 /* Images.xcassets in Resources */ = {isa = PBXBuildFile; fileRef = 6C3EAFE51AA68F1D006DE0A7 /* Images.xcassets */; };
		6C3EAFE91AA68F1D006DE0A7 /* MainMenu.xib in Resources */ = {isa = PBXBuildFile; fileRef = 6C3EAFE71AA68F1D006DE0A7 /* MainMenu.xib */; };
		6C3EAFF51AA68F1D006DE0A7 /* MoovToolTests.m in Sources */ = {isa = PBXBuildFile; fileRef = 6C3EAFF41AA68F1D006DE0A7 /* MoovToolTests.m */; };
/* End PBXBuildFile section */

/* Begin PBXContainerItemProxy section */
		6C3EAFEF1AA68F1D006DE0A7 /* PBXContainerItemProxy */ = {
			isa = PBXContainerItemProxy;
			containerPortal = 6C3EAFD31AA68F1D006DE0A7 /* Project object */;
			proxyType = 1;
			remoteGlobalIDString = 6C3EAFDA1AA68F1D006DE0A7;
			remoteInfo = MoovTool;
		};
/* End PBXContainerItemProxy section */

/* Begin PBXFileReference section */
		6C3EAFDB1AA68F1D006DE0A7 /* MoovTool.app */ = {isa = PBXFileReference; explicitFileType = wrapper.application; includeInIndex = 0; path = MoovTool.app; sourceTree = BUILT_PRODUCTS_DIR; };
		6C3EAFDF1AA68F1D006DE0A7 /* Info.plist */ = {isa = PBXFileReference; lastKnownFileType = text.plist.xml; path = Info.plist; sourceTree = "<group>"; };
		6C3EAFE01AA68F1D006DE0A7 /* AppDelegate.h */ = {isa = PBXFileReference; lastKnownFileType = sourcecode.c.h; path = AppDelegate.h; sourceTree = "<group>"; };
		6C3EAFE11AA68F1D006DE0A7 /* AppDelegate.m */ = {isa = PBXFileReference; lastKnownFileType = sourcecode.c.objc; path = AppDelegate.m; sourceTree = "<group>"; };
		6C3EAFE31AA68F1D006DE0A7 /* main.m */ = {isa = PBXFileReference; lastKnownFileType = sourcecode.c.objc; path = main.m; sourceTree = "<group>"; };
		6C3EAFE51AA68F1D006DE0A7 /* Images.xcassets */ = {isa = PBXFileReference; lastKnownFileType = folder.assetcatalog; path = Images.xcassets; sourceTree = "<group>"; };
		6C3EAFE81AA68F1D006DE0A7 /* Base */ = {isa = PBXFileReference; lastKnownFileType = file.xib; name = Base; path = Base.lproj/MainMenu.xib; sourceTree = "<group>"; };
		6C3EAFEE1AA68F1D006DE0A7 /* MoovToolTests.xctest */ = {isa = PBXFileReference; explicitFileType = wrapper.cfbundle; includeInIndex = 0; path = MoovToolTests.xctest; sourceTree = BUILT_PRODUCTS_DIR; };
		6C3EAFF31AA68F1D006DE0A7 /* Info.plist */ = {isa = PBXFileReference; lastKnownFileType = text.plist.xml; path = Info.plist; sourceTree = "<group>"; };
		6C3EAFF41AA68F1D006DE0A7 /* MoovToolTests.m */ = {isa = PBXFileReference; lastKnownFileType = sourcecode.c.objc; path = MoovToolTests.m; sourceTree = "<group>"; };
/* End PBXFileReference section */

/* Begin PBXFrameworksBuildPhase section */
		6C3EAFD81AA68F1D006DE0A7 /* Frameworks */ = {
			isa = PBXFrameworksBuildPhase;
			buildActionMask = 2147483647;
			files = (
			);
			runOnlyForDeploymentPostprocessing = 0;
		};
		6C3EAFEB1AA68F1D006DE0A7 /* Frameworks */ = {
			isa = PBXFrameworksBuildPhase;
			buildActionMask = 2147483647;
			files = (
			);
			runOnlyForDeploymentPostprocessing = 0;
		};
/* End PBXFrameworksBuildPhase section */

/* Begin PBXGroup section */
		6C3EAFD21AA68F1D006DE0A7 = {
			isa = PBXGroup;
			children = (
				6C3EAFDD1AA68F1D006DE0A7 /* MoovTool */,
				6C3EAFF11AA68F1D006DE0A7 /* MoovToolTests */,
				6C3EAFDC1AA68F1D006DE0A7 /* Products */,
			);
			sourceTree = "<group>";
		};
		6C3EAFDC1AA68F1D006DE0A7 /* Products */ = {
			isa = PBXGroup;
			children = (
				6C3EAFDB1AA68F1D006DE0A7 /* MoovTool.app */,
				6C3EAFEE1AA68F1D006DE0A7 /* MoovToolTests.xctest */,
			);
			name = Products;
			sourceTree = "<group>";
		};
		6C3EAFDD1AA68F1D006DE0A7 /* MoovTool */ = {
			isa = PBXGroup;
			children = (
				6C3EAFE01AA68F1D006DE0A7 /* AppDelegate.h */,
				6C3EAFE11AA68F1D006DE0A7 /* AppDelegate.m */,
				6C3EAFE51AA68F1D006DE0A7 /* Images.xcassets */,
				6C3EAFE71AA68F1D006DE0A7 /* MainMenu.xib */,
				6C3EAFDE1AA68F1D006DE0A7 /* Supporting Files */,
			);
			path = MoovTool;
			sourceTree = "<group>";
		};
		6C3EAFDE1AA68F1D006DE0A7 /* Supporting Files */ = {
			isa = PBXGroup;
			children = (
				6C3EAFDF1AA68F1D006DE0A7 /* Info.plist */,
				6C3EAFE31AA68F1D006DE0A7 /* main.m */,
			);
			name = "Supporting Files";
			sourceTree = "<group>";
		};
		6C3EAFF11AA68F1D006DE0A7 /* MoovToolTests */ = {
			isa = PBXGroup;
			children = (
				6C3EAFF41AA68F1D006DE0A7 /* MoovToolTests.m */,
				6C3EAFF21AA68F1D006DE0A7 /* Supporting Files */,
			);
			path = MoovToolTests;
			sourceTree = "<group>";
		};
		6C3EAFF21AA68F1D006DE0A7 /* Supporting Files */ = {
			isa = PBXGroup;
			children = (
				6C3EAFF31AA68F1D006DE0A7 /* Info.plist */,
			);
			name = "Supporting Files";
			sourceTree = "<group>";
		};
/* End PBXGroup section */

/* Begin PBXNativeTarget section */
		6C3EAFDA1AA68F1D006DE0A7 /* MoovTool */ = {
			isa = PBXNativeTarget;
			buildConfigurationList = 6C3EAFF81AA68F1D006DE0A7 /* Build configuration list for PBXNativeTarget "MoovTool" */;
			buildPhases = (
				6C3EAFD71AA68F1D006DE0A7 /* Sources */,
				6C3EAFD81AA68F1D006DE0A7 /* Frameworks */,
				6C3EAFD91AA68F1D006DE0A7 /* Resources */,
			);
			buildRules = (
			);
			dependencies = (
			);
			name = MoovTool;
			productName = MoovTool;
			productReference = 6C3EAFDB1AA68F1D006DE0A7 /* MoovTool.app */;
			productType = "com.apple.product-type.application";
		};
		6C3EAFED1AA68F1D006DE0A7 /* MoovToolTests */ = {
			isa = PBXNativeTarget;
			buildConfigurationList = 6C3EAFFB1AA68F1D006DE0A7 /* Build configuration list for PBXNativeTarget "MoovToolTests" */;
			buildPhases = (
				6C3EAFEA1AA68F1D006DE0A7 /* Sources */,
				6C3EAFEB1AA68F1D006DE0A7 /* Frameworks */,
				6C3EAFEC1AA68F1D006DE0A7 /* Resources */,
			);
			buildRules = (
			);
			dependencies = (
				6C3EAFF01AA68F1D006DE0A7 /* PBXTargetDependency */,
			);
			name = MoovToolTests;
			productName = MoovToolTests;
			productReference = 6C3EAFEE1AA68F1D006DE0A7 /* MoovToolTests.xctest */;
			productType = "com.apple.product-type.bundle.unit-test";
		};
/* End PBXNativeTarget section */

/* Begin PBXProject section */
		6C3EAFD31AA68F1D006DE0A7 /* Project object */ = {
			isa = PBXProject;
			attributes = {
				LastUpgradeCheck = 0610;
				ORGANIZATIONNAME = "Geoffrey Kruse";
				TargetAttributes = {
					6C3EAFDA1AA68F1D006DE0A7 = {
						CreatedOnToolsVersion = 6.1.1;
					};
					6C3EAFED1AA68F1D006DE0A7 = {
						CreatedOnToolsVersion = 6.1.1;
						TestTargetID = 6C3EAFDA1AA68F1D006DE0A7;
					};
				};
			};
			buildConfigurationList = 6C3EAFD61AA68F1D006DE0A7 /* Build configuration list for PBXProject "MoovTool" */;
			compatibilityVersion = "Xcode 3.2";
			developmentRegion = English;
			hasScannedForEncodings = 0;
			knownRegions = (
				en,
				Base,
			);
			mainGroup = 6C3EAFD21AA68F1D006DE0A7;
			productRefGroup = 6C3EAFDC1AA68F1D006DE0A7 /* Products */;
			projectDirPath = "";
			projectRoot = "";
			targets = (
				6C3EAFDA1AA68F1D006DE0A7 /* MoovTool */,
				6C3EAFED1AA68F1D006DE0A7 /* MoovToolTests */,
			);
		};
/* End PBXProject section */

/* Begin PBXResourcesBuildPhase section */
		6C3EAFD91AA68F1D006DE0A7 /* Resources */ = {
			isa = PBXResourcesBuildPhase;
			buildActionMask = 2147483647;
			files = (
				6C3EAFE61AA68F1D006DE0A7 /* Images.xcassets in Resources */,
				6C3EAFE91AA68F1D006DE0A7 /* MainMenu.xib in Resources */,
			);
			runOnlyForDeploymentPostprocessing = 0;
		};
		6C3EAFEC1AA68F1D006DE0A7 /* Resources */ = {
			isa = PBXResourcesBuildPhase;
			buildActionMask = 2147483647;
			files = (
			);
			runOnlyForDeploymentPostprocessing = 0;
		};
/* End PBXResourcesBuildPhase section */

/* Begin PBXSourcesBuildPhase section */
		6C3EAFD71AA68F1D006DE0A7 /* Sources */ = {
			isa = PBXSourcesBuildPhase;
			buildActionMask = 2147483647;
			files = (
				6C3EAFE41AA68F1D006DE0A7 /* main.m in Sources */,
				6C3EAFE21AA68F1D006DE0A7 /* AppDelegate.m in Sources */,
			);
			runOnlyForDeploymentPostprocessing = 0;
		};
		6C3EAFEA1AA68F1D006DE0A7 /* Sources */ = {
			isa = PBXSourcesBuildPhase;
			buildActionMask = 2147483647;
			files = (
				6C3EAFF51AA68F1D006DE0A7 /* MoovToolTests.m in Sources */,
			);
			runOnlyForDeploymentPostprocessing = 0;
		};
/* End PBXSourcesBuildPhase section */

/* Begin PBXTargetDependency section */
		6C3EAFF01AA68F1D006DE0A7 /* PBXTargetDependency */ = {
			isa = PBXTargetDependency;
			target = 6C3EAFDA1AA68F1D006DE0A7 /* MoovTool */;
			targetProxy = 6C3EAFEF1AA68F1D006DE0A7 /* PBXContainerItemProxy */;
		};
/* End PBXTargetDependency section */

/* Begin PBXVariantGroup section */
		6C3EAFE71AA68F1D006DE0A7 /* MainMenu.xib */ = {
			isa = PBXVariantGroup;
			children = (
				6C3EAFE81AA68F1D006DE0A7 /* Base */,
			);
			name = MainMenu.xib;
			sourceTree = "<group>";
		};
/* End PBXVariantGroup section */

/* Begin XCBuildConfiguration section */
		6C3EAFF61AA68F1D006DE0A7 /* Debug */ = {
			isa = XCBuildConfiguration;
			buildSettings = {
				ALWAYS_SEARCH_USER_PATHS = NO;
				CLANG_CXX_LANGUAGE_STANDARD = "gnu++0x";
				CLANG_CXX_LIBRARY = "libc++";
				CLANG_ENABLE_MODULES = YES;
				CLANG_ENABLE_OBJC_ARC = YES;
				CLANG_WARN_BOOL_CONVERSION = YES;
				CLANG_WARN_CONSTANT_CONVERSION = YES;
				CLANG_WARN_DIRECT_OBJC_ISA_USAGE = YES_ERROR;
				CLANG_WARN_EMPTY_BODY = YES;
				CLANG_WARN_ENUM_CONVERSION = YES;
				CLANG_WARN_INT_CONVERSION = YES;
				CLANG_WARN_OBJC_ROOT_CLASS = YES_ERROR;
				CLANG_WARN_UNREACHABLE_CODE = YES;
				CLANG_WARN__DUPLICATE_METHOD_MATCH = YES;
				CODE_SIGN_IDENTITY = "-";
				COPY_PHASE_STRIP = NO;
				ENABLE_STRICT_OBJC_MSGSEND = YES;
				GCC_C_LANGUAGE_STANDARD = gnu99;
				GCC_DYNAMIC_NO_PIC = NO;
				GCC_OPTIMIZATION_LEVEL = 0;
				GCC_PREPROCESSOR_DEFINITIONS = (
					"DEBUG=1",
					"$(inherited)",
				);
				GCC_SYMBOLS_PRIVATE_EXTERN = NO;
				GCC_WARN_64_TO_32_BIT_CONVERSION = YES;
				GCC_WARN_ABOUT_RETURN_TYPE = YES_ERROR;
				GCC_WARN_UNDECLARED_SELECTOR = YES;
				GCC_WARN_UNINITIALIZED_AUTOS = YES_AGGRESSIVE;
				GCC_WARN_UNUSED_FUNCTION = YES;
				GCC_WARN_UNUSED_VARIABLE = YES;
				MACOSX_DEPLOYMENT_TARGET = 10.10;
				MTL_ENABLE_DEBUG_INFO = YES;
				ONLY_ACTIVE_ARCH = YES;
				SDKROOT = macosx;
			};
			name = Debug;
		};
		6C3EAFF71AA68F1D006DE0A7 /* Release */ = {
			isa = XCBuildConfiguration;
			buildSettings = {
				ALWAYS_SEARCH_USER_PATHS = NO;
				CLANG_CXX_LANGUAGE_STANDARD = "gnu++0x";
				CLANG_CXX_LIBRARY = "libc++";
				CLANG_ENABLE_MODULES = YES;
				CLANG_ENABLE_OBJC_ARC = YES;
				CLANG_WARN_BOOL_CONVERSION = YES;
				CLANG_WARN_CONSTANT_CONVERSION = YES;
				CLANG_WARN_DIRECT_OBJC_ISA_USAGE = YES_ERROR;
				CLANG_WARN_EMPTY_BODY = YES;
				CLANG_WARN_ENUM_CONVERSION = YES;
				CLANG_WARN_INT_CONVERSION = YES;
				CLANG_WARN_OBJC_ROOT_CLASS = YES_ERROR;
				CLANG_WARN_UNREACHABLE_CODE = YES;
				CLANG_WARN__DUPLICATE_METHOD_MATCH = YES;
				CODE_SIGN_IDENTITY = "-";
				COPY_PHASE_STRIP = YES;
				DEBUG_INFORMATION_FORMAT = "dwarf-with-dsym";
				ENABLE_NS_ASSERTIONS = NO;
				ENABLE_STRICT_OBJC_MSGSEND = YES;
				GCC_C_LANGUAGE_STANDARD = gnu99;
				GCC_WARN_64_TO_32_BIT_CONVERSION = YES;
				GCC_WARN_ABOUT_RETURN_TYPE = YES_ERROR;
				GCC_WARN_UNDECLARED_SELECTOR = YES;
				GCC_WARN_UNINITIALIZED_AUTOS = YES_AGGRESSIVE;
				GCC_WARN_UNUSED_FUNCTION = YES;
				GCC_WARN_UNUSED_VARIABLE = YES;
				MACOSX_DEPLOYMENT_TARGET = 10.10;
				MTL_ENABLE_DEBUG_INFO = NO;
				SDKROOT = macosx;
			};
			name = Release;
		};
		6C3EAFF91AA68F1D006DE0A7 /* Debug */ = {
			isa = XCBuildConfiguration;
			buildSettings = {
				ASSETCATALOG_COMPILER_APPICON_NAME = AppIcon;
				COMBINE_HIDPI_IMAGES = YES;
				INFOPLIST_FILE = MoovTool/Info.plist;
				LD_RUNPATH_SEARCH_PATHS = "$(inherited) @executable_path/../Frameworks";
				PRODUCT_NAME = "$(TARGET_NAME)";
			};
			name = Debug;
		};
		6C3EAFFA1AA68F1D006DE0A7 /* Release */ = {
			isa = XCBuildConfiguration;
			buildSettings = {
				ASSETCATALOG_COMPILER_APPICON_NAME = AppIcon;
				COMBINE_HIDPI_IMAGES = YES;
				INFOPLIST_FILE = MoovTool/Info.plist;
				LD_RUNPATH_SEARCH_PATHS = "$(inherited) @executable_path/../Frameworks";
				PRODUCT_NAME = "$(TARGET_NAME)";
			};
			name = Release;
		};
		6C3EAFFC1AA68F1D006DE0A7 /* Debug */ = {
			isa = XCBuildConfiguration;
			buildSettings = {
				BUNDLE_LOADER = "$(TEST_HOST)";
				COMBINE_HIDPI_IMAGES = YES;
				FRAMEWORK_SEARCH_PATHS = (
					"$(DEVELOPER_FRAMEWORKS_DIR)",
					"$(inherited)",
				);
				GCC_PREPROCESSOR_DEFINITIONS = (
					"DEBUG=1",
					"$(inherited)",
				);
				INFOPLIST_FILE = MoovToolTests/Info.plist;
				LD_RUNPATH_SEARCH_PATHS = "$(inherited) @executable_path/../Frameworks @loader_path/../Frameworks";
				PRODUCT_NAME = "$(TARGET_NAME)";
				TEST_HOST = "$(BUILT_PRODUCTS_DIR)/MoovTool.app/Contents/MacOS/MoovTool";
			};
			name = Debug;
		};
		6C3EAFFD1AA68F1D006DE0A7 /* Release */ = {
			isa = XCBuildConfiguration;
			buildSettings = {
				BUNDLE_LOADER = "$(TEST_HOST)";
				COMBINE_HIDPI_IMAGES = YES;
				FRAMEWORK_SEARCH_PATHS = (
					"$(DEVELOPER_FRAMEWORKS_DIR)",
					"$(inherited)",
				);
				INFOPLIST_FILE = MoovToolTests/Info.plist;
				LD_RUNPATH_SEARCH_PATHS = "$(inherited) @executable_path/../Frameworks @loader_path/../Frameworks";
				PRODUCT_NAME = "$(TARGET_NAME)";
				TEST_HOST = "$(BUILT_PRODUCTS_DIR)/MoovTool.app/Contents/MacOS/MoovTool";
			};
			name = Release;
		};
/* End XCBuildConfiguration section */

/* Begin XCConfigurationList section */
		6C3EAFD61AA68F1D006DE0A7 /* Build configuration list for PBXProject "MoovTool" */ = {
			isa = XCConfigurationList;
			buildConfigurations = (
				6C3EAFF61AA68F1D006DE0A7 /* Debug */,
				6C3EAFF71AA68F1D006DE0A7 /* Release */,
			);
			defaultConfigurationIsVisible = 0;
			defaultConfigurationName = Release;
		};
		6C3EAFF81AA68F1D006DE0A7 /* Build configuration list for PBXNativeTarget "MoovTool" */ = {
			isa = XCConfigurationList;
			buildConfigurations = (
				6C3EAFF91AA68F1D006DE0A7 /* Debug */,
				6C3EAFFA1AA68F1D006DE0A7 /* Release */,
			);
			defaultConfigurationIsVisible = 0;
		};
		6C3EAFFB1AA68F1D006DE0A7 /* Build configuration list for PBXNativeTarget "MoovToolTests" */ = {
			isa = XCConfigurationList;
			buildConfigurations = (
				6C3EAFFC1AA68F1D006DE0A7 /* Debug */,
				6C3EAFFD1AA68F1D006DE0A7 /* Release */,
			);
			defaultConfigurationIsVisible = 0;
		};
/* End XCConfigurationList section */
	};
	rootObject = 6C3EAFD31AA68F1D006DE0A7 /* Project object */;
}
